<?xml version="1.0" encoding="utf-8"?>
<Project ToolsVersion="4.0" xmlns="http://schemas.microsoft.com/developer/msbuild/2003">
  <ItemGroup>
    <Filter Include="Fichiers sources">
      <UniqueIdentifier>{4FC737F1-C7A5-4376-A066-2A32D752A2FF}</UniqueIdentifier>
      <Extensions>cpp;c;cc;cxx;def;odl;idl;hpj;bat;asm;asmx</Extensions>
    </Filter>
    <Filter Include="Fichiers d%27en-tête">
      <UniqueIdentifier>{93995380-89BD-4b04-88EB-625FBE52EBFB}</UniqueIdentifier>
      <Extensions>h;hh;hpp;hxx;hm;inl;inc;xsd</Extensions>
    </Filter>
    <Filter Include="Fichiers de ressources">
      <UniqueIdentifier>{67DA6AB6-F800-4c08-8B7A-83BB121AAD01}</UniqueIdentifier>
      <Extensions>rc;ico;cur;bmp;dlg;rc2;rct;bin;rgs;gif;jpg;jpeg;jpe;resx;tiff;tif;png;wav;mfcribbon-ms</Extensions>
    </Filter>
    <Filter Include="Fichiers d%27en-tête\battle">
      <UniqueIdentifier>{95d96f3d-926a-4a9a-9397-1e4a2ccf7056}</UniqueIdentifier>
    </Filter>
    <Filter Include="Fichiers sources\battle">
      <UniqueIdentifier>{84dad552-adb6-4988-9dbd-c03fd7a97cb5}</UniqueIdentifier>
    </Filter>
    <Filter Include="Fichiers d%27en-tête\core">
      <UniqueIdentifier>{25aca099-c4d9-4dad-a755-2299d852671b}</UniqueIdentifier>
    </Filter>
    <Filter Include="Fichiers sources\core">
      <UniqueIdentifier>{56179c07-4a0e-4b18-9f7d-66bfa9592829}</UniqueIdentifier>
    </Filter>
  </ItemGroup>
  <ItemGroup>
    <ClInclude Include="battle.h">
      <Filter>Fichiers d%27en-tête\battle</Filter>
    </ClInclude>
    <ClInclude Include="exp.h">
      <Filter>Fichiers d%27en-tête\core</Filter>
    </ClInclude>
    <ClInclude Include="attacks.h">
      <Filter>Fichiers d%27en-tête\core</Filter>
    </ClInclude>
    <ClInclude Include="pokedex.hpp">
      <Filter>Fichiers d%27en-tête\core</Filter>
    </ClInclude>
    <ClInclude Include="pokemon.h">
      <Filter>Fichiers d%27en-tête\core</Filter>
    </ClInclude>
  </ItemGroup>
  <ItemGroup>
    <ClCompile Include="battle.cpp">
      <Filter>Fichiers sources\battle</Filter>
    </ClCompile>
    <ClCompile Include="exp.cpp">
      <Filter>Fichiers sources\core</Filter>
    </ClCompile>
    <ClCompile Include="pokemon.cpp">
      <Filter>Fichiers sources\core</Filter>
    </ClCompile>
    <ClCompile Include="effects.cpp">
      <Filter>Fichiers sources\core</Filter>
    </ClCompile>
    <ClCompile Include="attacks.cpp">
      <Filter>Fichiers sources\core</Filter>
    </ClCompile>
  </ItemGroup>
</Project>